
Microsoft Visual Studio Solution File, Format Version 12.00
# Visual Studio Version 17
VisualStudioVersion = 17.8.34309.116
MinimumVisualStudioVersion = 10.0.40219.1
Project("{FAE04EC0-301F-11D3-BF4B-00C04F79EFBC}") = "Pogoda2", "Pogoda2\Pogoda2.csproj", "{1663B650-23F2-4006-AFEA-48791120B673}"
EndProject
Global
	GlobalSection(SolutionConfigurationPlatforms) = preSolution
		Debug|Any CPU = Debug|Any CPU
		Release|Any CPU = Release|Any CPU
	EndGlobalSection
	GlobalSection(ProjectConfigurationPlatforms) = postSolution
		{1663B650-23F2-4006-AFEA-48791120B673}.Debug|Any CPU.ActiveCfg = Debug|Any CPU
		{1663B650-23F2-4006-AFEA-48791120B673}.Debug|Any CPU.Build.0 = Debug|Any CPU
		{1663B650-23F2-4006-AFEA-48791120B673}.Release|Any CPU.ActiveCfg = Release|Any CPU
		{1663B650-23F2-4006-AFEA-48791120B673}.Release|Any CPU.Build.0 = Release|Any CPU
	EndGlobalSection
	GlobalSection(SolutionProperties) = preSolution
		HideSolutionNode = FALSE
	EndGlobalSection
	GlobalSection(ExtensibilityGlobals) = postSolution
		SolutionGuid = {435E892E-7D2E-4A1D-84C8-F2DE4A012B8D}
	EndGlobalSection
EndGlobal
